
Microsoft Visual Studio Solution File, Format Version 12.00
# Visual Studio Version 17
VisualStudioVersion = 17.10.34928.147
MinimumVisualStudioVersion = 10.0.40219.1
Project("{FAE04EC0-301F-11D3-BF4B-00C04F79EFBC}") = "J2534DotNet", "J2534DotNet\J2534DotNet\J2534DotNet.csproj", "{D99E0DE7-2F06-41E3-B33E-687E1B425A7F}"
EndProject
Project("{FAE04EC0-301F-11D3-BF4B-00C04F79EFBC}") = "PcmHammer", "PcmHammer\PcmHammer.csproj", "{A6B28831-A16F-48F3-8C48-9B02CF0B6678}"
EndProject
Project("{FAE04EC0-301F-11D3-BF4B-00C04F79EFBC}") = "Tests", "Tests\Tests.csproj", "{0AA6F273-995D-4ADE-8CBB-DB1B6E8A0FCE}"
EndProject
Project("{9A19103F-16F7-4668-BE54-9A1E7A4F7556}") = "PcmLibrary", "PcmLibrary\PcmLibrary.csproj", "{0B317C5A-E078-4A96-8E7A-00601BCA1429}"
EndProject
Project("{FAE04EC0-301F-11D3-BF4B-00C04F79EFBC}") = "PcmLogger", "PcmLogger\PcmLogger.csproj", "{6A473C4F-A1A3-4CFB-8167-13F4064C1639}"
EndProject
Project("{FAE04EC0-301F-11D3-BF4B-00C04F79EFBC}") = "PcmLibraryWindowsForms", "PcmLibraryWindowsForms\PcmLibraryWindowsForms.csproj", "{4ADB5D87-D4D5-4D12-8681-A9E2D4C52DF6}"
EndProject
Project("{FAE04EC0-301F-11D3-BF4B-00C04F79EFBC}") = "VpwExplorer", "VpwExplorer\VpwExplorer.csproj", "{2B57ABC7-9994-4DB3-9403-B22471A0DDA1}"
EndProject
Project("{2150E333-8FDC-42A3-9474-1A3956D46DE8}") = "Solution Items", "Solution Items", "{6BF5E846-FF31-4DB6-ABE5-A3D81F3DAEE9}"
	ProjectSection(SolutionItems) = preProject
		Directory.Build.props = Directory.Build.props
		Directory.Build.targets = Directory.Build.targets
		Directory.Packages.props = Directory.Packages.props
		global.json = global.json
		..\Release.ps1 = ..\Release.ps1
	EndProjectSection
EndProject
Project("{FAE04EC0-301F-11D3-BF4B-00C04F79EFBC}") = "PcmLibraryWindowsApi", "PcmLibraryWindowsApi\PcmLibraryWindowsApi.csproj", "{B11A7F04-2131-4F04-B5C3-528EB177C0B6}"
	ProjectSection(ProjectDependencies) = postProject
		{0B317C5A-E078-4A96-8E7A-00601BCA1429} = {0B317C5A-E078-4A96-8E7A-00601BCA1429}
	EndProjectSection
EndProject
Project("{2150E333-8FDC-42A3-9474-1A3956D46DE8}") = "UI", "UI", "{A1D6309B-522D-417F-A49D-343841030732}"
EndProject
Project("{2150E333-8FDC-42A3-9474-1A3956D46DE8}") = "WindowsForms", "WindowsForms", "{A3E121FF-AAD7-40A6-9979-AA7D101AE1A4}"
EndProject
Project("{FAE04EC0-301F-11D3-BF4B-00C04F79EFBC}") = "PcmHammer", "UI\WindowsForms\PcmHammer\PcmHammer.csproj", "{F3A3B572-1C9B-4AE9-B70C-9CB731ADFCD6}"
EndProject
Project("{FAE04EC0-301F-11D3-BF4B-00C04F79EFBC}") = "PcmLibraryWindowsForms", "UI\WindowsForms\PcmLibraryWindowsForms\PcmLibraryWindowsForms.csproj", "{C8DCF646-486D-4343-9FEE-4AC36DEACACF}"
EndProject
Project("{FAE04EC0-301F-11D3-BF4B-00C04F79EFBC}") = "PcmLogger", "UI\WindowsForms\PcmLogger\PcmLogger.csproj", "{EDA3BE7B-A060-47B1-951D-B7E469908B80}"
EndProject
Project("{FAE04EC0-301F-11D3-BF4B-00C04F79EFBC}") = "VpwExplorer", "UI\WindowsForms\VpwExplorer\VpwExplorer.csproj", "{6A27ED5F-BD88-4266-9B63-7DD4A53F591D}"
EndProject
Global
	GlobalSection(SolutionConfigurationPlatforms) = preSolution
		Debug|Any CPU = Debug|Any CPU
		Release|Any CPU = Release|Any CPU
	EndGlobalSection
	GlobalSection(ProjectConfigurationPlatforms) = postSolution
		{D99E0DE7-2F06-41E3-B33E-687E1B425A7F}.Debug|Any CPU.ActiveCfg = Debug|Any CPU
		{D99E0DE7-2F06-41E3-B33E-687E1B425A7F}.Debug|Any CPU.Build.0 = Debug|Any CPU
		{D99E0DE7-2F06-41E3-B33E-687E1B425A7F}.Release|Any CPU.ActiveCfg = Release|Any CPU
		{D99E0DE7-2F06-41E3-B33E-687E1B425A7F}.Release|Any CPU.Build.0 = Release|Any CPU
		{A6B28831-A16F-48F3-8C48-9B02CF0B6678}.Debug|Any CPU.ActiveCfg = Debug|Any CPU
		{A6B28831-A16F-48F3-8C48-9B02CF0B6678}.Debug|Any CPU.Build.0 = Debug|Any CPU
		{A6B28831-A16F-48F3-8C48-9B02CF0B6678}.Release|Any CPU.ActiveCfg = Release|Any CPU
		{A6B28831-A16F-48F3-8C48-9B02CF0B6678}.Release|Any CPU.Build.0 = Release|Any CPU
		{0AA6F273-995D-4ADE-8CBB-DB1B6E8A0FCE}.Debug|Any CPU.ActiveCfg = Debug|Any CPU
		{0AA6F273-995D-4ADE-8CBB-DB1B6E8A0FCE}.Debug|Any CPU.Build.0 = Debug|Any CPU
		{0AA6F273-995D-4ADE-8CBB-DB1B6E8A0FCE}.Release|Any CPU.ActiveCfg = Release|Any CPU
		{0AA6F273-995D-4ADE-8CBB-DB1B6E8A0FCE}.Release|Any CPU.Build.0 = Release|Any CPU
		{0B317C5A-E078-4A96-8E7A-00601BCA1429}.Debug|Any CPU.ActiveCfg = Debug|Any CPU
		{0B317C5A-E078-4A96-8E7A-00601BCA1429}.Debug|Any CPU.Build.0 = Debug|Any CPU
		{0B317C5A-E078-4A96-8E7A-00601BCA1429}.Release|Any CPU.ActiveCfg = Release|Any CPU
		{0B317C5A-E078-4A96-8E7A-00601BCA1429}.Release|Any CPU.Build.0 = Release|Any CPU
		{6A473C4F-A1A3-4CFB-8167-13F4064C1639}.Debug|Any CPU.ActiveCfg = Debug|Any CPU
		{6A473C4F-A1A3-4CFB-8167-13F4064C1639}.Debug|Any CPU.Build.0 = Debug|Any CPU
		{6A473C4F-A1A3-4CFB-8167-13F4064C1639}.Release|Any CPU.ActiveCfg = Release|Any CPU
		{6A473C4F-A1A3-4CFB-8167-13F4064C1639}.Release|Any CPU.Build.0 = Release|Any CPU
		{4ADB5D87-D4D5-4D12-8681-A9E2D4C52DF6}.Debug|Any CPU.ActiveCfg = Debug|Any CPU
		{4ADB5D87-D4D5-4D12-8681-A9E2D4C52DF6}.Debug|Any CPU.Build.0 = Debug|Any CPU
		{4ADB5D87-D4D5-4D12-8681-A9E2D4C52DF6}.Release|Any CPU.ActiveCfg = Release|Any CPU
		{4ADB5D87-D4D5-4D12-8681-A9E2D4C52DF6}.Release|Any CPU.Build.0 = Release|Any CPU
		{2B57ABC7-9994-4DB3-9403-B22471A0DDA1}.Debug|Any CPU.ActiveCfg = Debug|Any CPU
		{2B57ABC7-9994-4DB3-9403-B22471A0DDA1}.Debug|Any CPU.Build.0 = Debug|Any CPU
		{2B57ABC7-9994-4DB3-9403-B22471A0DDA1}.Release|Any CPU.ActiveCfg = Release|Any CPU
		{2B57ABC7-9994-4DB3-9403-B22471A0DDA1}.Release|Any CPU.Build.0 = Release|Any CPU
		{B11A7F04-2131-4F04-B5C3-528EB177C0B6}.Debug|Any CPU.ActiveCfg = Debug|Any CPU
		{B11A7F04-2131-4F04-B5C3-528EB177C0B6}.Debug|Any CPU.Build.0 = Debug|Any CPU
		{B11A7F04-2131-4F04-B5C3-528EB177C0B6}.Release|Any CPU.ActiveCfg = Release|Any CPU
		{B11A7F04-2131-4F04-B5C3-528EB177C0B6}.Release|Any CPU.Build.0 = Release|Any CPU
		{F3A3B572-1C9B-4AE9-B70C-9CB731ADFCD6}.Debug|Any CPU.ActiveCfg = Debug|Any CPU
		{F3A3B572-1C9B-4AE9-B70C-9CB731ADFCD6}.Debug|Any CPU.Build.0 = Debug|Any CPU
		{F3A3B572-1C9B-4AE9-B70C-9CB731ADFCD6}.Release|Any CPU.ActiveCfg = Release|Any CPU
		{F3A3B572-1C9B-4AE9-B70C-9CB731ADFCD6}.Release|Any CPU.Build.0 = Release|Any CPU
		{C8DCF646-486D-4343-9FEE-4AC36DEACACF}.Debug|Any CPU.ActiveCfg = Debug|Any CPU
		{C8DCF646-486D-4343-9FEE-4AC36DEACACF}.Debug|Any CPU.Build.0 = Debug|Any CPU
		{C8DCF646-486D-4343-9FEE-4AC36DEACACF}.Release|Any CPU.ActiveCfg = Release|Any CPU
		{C8DCF646-486D-4343-9FEE-4AC36DEACACF}.Release|Any CPU.Build.0 = Release|Any CPU
		{EDA3BE7B-A060-47B1-951D-B7E469908B80}.Debug|Any CPU.ActiveCfg = Debug|Any CPU
		{EDA3BE7B-A060-47B1-951D-B7E469908B80}.Debug|Any CPU.Build.0 = Debug|Any CPU
		{EDA3BE7B-A060-47B1-951D-B7E469908B80}.Release|Any CPU.ActiveCfg = Release|Any CPU
		{EDA3BE7B-A060-47B1-951D-B7E469908B80}.Release|Any CPU.Build.0 = Release|Any CPU
		{6A27ED5F-BD88-4266-9B63-7DD4A53F591D}.Debug|Any CPU.ActiveCfg = Debug|Any CPU
		{6A27ED5F-BD88-4266-9B63-7DD4A53F591D}.Debug|Any CPU.Build.0 = Debug|Any CPU
		{6A27ED5F-BD88-4266-9B63-7DD4A53F591D}.Release|Any CPU.ActiveCfg = Release|Any CPU
		{6A27ED5F-BD88-4266-9B63-7DD4A53F591D}.Release|Any CPU.Build.0 = Release|Any CPU
	EndGlobalSection
	GlobalSection(SolutionProperties) = preSolution
		HideSolutionNode = FALSE
	EndGlobalSection
	GlobalSection(NestedProjects) = preSolution
		{A3E121FF-AAD7-40A6-9979-AA7D101AE1A4} = {A1D6309B-522D-417F-A49D-343841030732}
		{F3A3B572-1C9B-4AE9-B70C-9CB731ADFCD6} = {A3E121FF-AAD7-40A6-9979-AA7D101AE1A4}
		{C8DCF646-486D-4343-9FEE-4AC36DEACACF} = {A3E121FF-AAD7-40A6-9979-AA7D101AE1A4}
		{EDA3BE7B-A060-47B1-951D-B7E469908B80} = {A3E121FF-AAD7-40A6-9979-AA7D101AE1A4}
		{6A27ED5F-BD88-4266-9B63-7DD4A53F591D} = {A3E121FF-AAD7-40A6-9979-AA7D101AE1A4}
	EndGlobalSection
	GlobalSection(ExtensibilityGlobals) = postSolution
		SolutionGuid = {E19457D5-96EB-4FDE-A87C-B4B72B547EEE}
	EndGlobalSection
EndGlobal
