
Microsoft Visual Studio Solution File, Format Version 12.00
# Visual Studio Version 17
VisualStudioVersion = 17.10.34928.147
MinimumVisualStudioVersion = 10.0.40219.1
Project("{FAE04EC0-301F-11D3-BF4B-00C04F79EFBC}") = "J2534DotNet", "J2534DotNet\J2534DotNet\J2534DotNet.csproj", "{D99E0DE7-2F06-41E3-B33E-687E1B425A7F}"
EndProject
Project("{FAE04EC0-301F-11D3-BF4B-00C04F79EFBC}") = "Tests", "Tests\Tests.csproj", "{0AA6F273-995D-4ADE-8CBB-DB1B6E8A0FCE}"
EndProject
Project("{9A19103F-16F7-4668-BE54-9A1E7A4F7556}") = "PcmLibrary", "PcmLibrary\PcmLibrary.csproj", "{0B317C5A-E078-4A96-8E7A-00601BCA1429}"
EndProject
Project("{2150E333-8FDC-42A3-9474-1A3956D46DE8}") = "Solution Items", "Solution Items", "{6BF5E846-FF31-4DB6-ABE5-A3D81F3DAEE9}"
	ProjectSection(SolutionItems) = preProject
		Directory.Build.props = Directory.Build.props
		Directory.Build.targets = Directory.Build.targets
		Directory.Packages.props = Directory.Packages.props
		global.json = global.json
		..\Release.ps1 = ..\Release.ps1
	EndProjectSection
EndProject
Project("{FAE04EC0-301F-11D3-BF4B-00C04F79EFBC}") = "PcmLibraryWindowsApi", "PcmLibraryWindowsApi\PcmLibraryWindowsApi.csproj", "{B11A7F04-2131-4F04-B5C3-528EB177C0B6}"
	ProjectSection(ProjectDependencies) = postProject
		{0B317C5A-E078-4A96-8E7A-00601BCA1429} = {0B317C5A-E078-4A96-8E7A-00601BCA1429}
	EndProjectSection
EndProject
Project("{2150E333-8FDC-42A3-9474-1A3956D46DE8}") = "UI", "UI", "{A1D6309B-522D-417F-A49D-343841030732}"
EndProject
Project("{2150E333-8FDC-42A3-9474-1A3956D46DE8}") = "WindowsForms", "WindowsForms", "{A3E121FF-AAD7-40A6-9979-AA7D101AE1A4}"
EndProject
Project("{FAE04EC0-301F-11D3-BF4B-00C04F79EFBC}") = "PcmHammer", "UI\WindowsForms\PcmHammer\PcmHammer.csproj", "{F3A3B572-1C9B-4AE9-B70C-9CB731ADFCD6}"
EndProject
Project("{FAE04EC0-301F-11D3-BF4B-00C04F79EFBC}") = "PcmLibraryWindowsForms", "UI\WindowsForms\PcmLibraryWindowsForms\PcmLibraryWindowsForms.csproj", "{C8DCF646-486D-4343-9FEE-4AC36DEACACF}"
EndProject
Project("{FAE04EC0-301F-11D3-BF4B-00C04F79EFBC}") = "PcmLogger", "UI\WindowsForms\PcmLogger\PcmLogger.csproj", "{EDA3BE7B-A060-47B1-951D-B7E469908B80}"
EndProject
Project("{FAE04EC0-301F-11D3-BF4B-00C04F79EFBC}") = "VpwExplorer", "UI\WindowsForms\VpwExplorer\VpwExplorer.csproj", "{6A27ED5F-BD88-4266-9B63-7DD4A53F591D}"
EndProject
Project("{2150E333-8FDC-42A3-9474-1A3956D46DE8}") = "UnoUI", "UnoUI", "{75D053C5-29A3-4B83-8F30-04F4CA516942}"
EndProject
Project("{FAE04EC0-301F-11D3-BF4B-00C04F79EFBC}") = "PcmHacking.UnoUI", "UI\UnoUI\PcmHacking.UnoUI\PcmHacking.UnoUI.csproj", "{285CA6F6-3F85-4B45-976A-18FDFD514D7D}"
EndProject
Project("{FAE04EC0-301F-11D3-BF4B-00C04F79EFBC}") = "PcmHacking.UnoUI.Tests", "UI\UnoUI\PcmHacking.UnoUI.Tests\PcmHacking.UnoUI.Tests.csproj", "{FED6C5BA-2F22-4E9B-8BA8-A419F0903E6F}"
EndProject
Project("{FAE04EC0-301F-11D3-BF4B-00C04F79EFBC}") = "PcmHacking.UnoUI.UITests", "UI\UnoUI\PcmHacking.UnoUI.UITests\PcmHacking.UnoUI.UITests.csproj", "{B3CD7C96-3170-4071-8FB9-D205D6229D4D}"
EndProject
Global
	GlobalSection(SolutionConfigurationPlatforms) = preSolution
		Debug|Any CPU = Debug|Any CPU
		Release|Any CPU = Release|Any CPU
	EndGlobalSection
	GlobalSection(ProjectConfigurationPlatforms) = postSolution
		{D99E0DE7-2F06-41E3-B33E-687E1B425A7F}.Debug|Any CPU.ActiveCfg = Debug|Any CPU
		{D99E0DE7-2F06-41E3-B33E-687E1B425A7F}.Debug|Any CPU.Build.0 = Debug|Any CPU
		{D99E0DE7-2F06-41E3-B33E-687E1B425A7F}.Release|Any CPU.ActiveCfg = Release|Any CPU
		{D99E0DE7-2F06-41E3-B33E-687E1B425A7F}.Release|Any CPU.Build.0 = Release|Any CPU
		{0AA6F273-995D-4ADE-8CBB-DB1B6E8A0FCE}.Debug|Any CPU.ActiveCfg = Debug|Any CPU
		{0AA6F273-995D-4ADE-8CBB-DB1B6E8A0FCE}.Debug|Any CPU.Build.0 = Debug|Any CPU
		{0AA6F273-995D-4ADE-8CBB-DB1B6E8A0FCE}.Release|Any CPU.ActiveCfg = Release|Any CPU
		{0AA6F273-995D-4ADE-8CBB-DB1B6E8A0FCE}.Release|Any CPU.Build.0 = Release|Any CPU
		{0B317C5A-E078-4A96-8E7A-00601BCA1429}.Debug|Any CPU.ActiveCfg = Debug|Any CPU
		{0B317C5A-E078-4A96-8E7A-00601BCA1429}.Debug|Any CPU.Build.0 = Debug|Any CPU
		{0B317C5A-E078-4A96-8E7A-00601BCA1429}.Release|Any CPU.ActiveCfg = Release|Any CPU
		{0B317C5A-E078-4A96-8E7A-00601BCA1429}.Release|Any CPU.Build.0 = Release|Any CPU
		{B11A7F04-2131-4F04-B5C3-528EB177C0B6}.Debug|Any CPU.ActiveCfg = Debug|Any CPU
		{B11A7F04-2131-4F04-B5C3-528EB177C0B6}.Debug|Any CPU.Build.0 = Debug|Any CPU
		{B11A7F04-2131-4F04-B5C3-528EB177C0B6}.Release|Any CPU.ActiveCfg = Release|Any CPU
		{B11A7F04-2131-4F04-B5C3-528EB177C0B6}.Release|Any CPU.Build.0 = Release|Any CPU
		{F3A3B572-1C9B-4AE9-B70C-9CB731ADFCD6}.Debug|Any CPU.ActiveCfg = Debug|Any CPU
		{F3A3B572-1C9B-4AE9-B70C-9CB731ADFCD6}.Debug|Any CPU.Build.0 = Debug|Any CPU
		{F3A3B572-1C9B-4AE9-B70C-9CB731ADFCD6}.Release|Any CPU.ActiveCfg = Release|Any CPU
		{F3A3B572-1C9B-4AE9-B70C-9CB731ADFCD6}.Release|Any CPU.Build.0 = Release|Any CPU
		{C8DCF646-486D-4343-9FEE-4AC36DEACACF}.Debug|Any CPU.ActiveCfg = Debug|Any CPU
		{C8DCF646-486D-4343-9FEE-4AC36DEACACF}.Debug|Any CPU.Build.0 = Debug|Any CPU
		{C8DCF646-486D-4343-9FEE-4AC36DEACACF}.Release|Any CPU.ActiveCfg = Release|Any CPU
		{C8DCF646-486D-4343-9FEE-4AC36DEACACF}.Release|Any CPU.Build.0 = Release|Any CPU
		{EDA3BE7B-A060-47B1-951D-B7E469908B80}.Debug|Any CPU.ActiveCfg = Debug|Any CPU
		{EDA3BE7B-A060-47B1-951D-B7E469908B80}.Debug|Any CPU.Build.0 = Debug|Any CPU
		{EDA3BE7B-A060-47B1-951D-B7E469908B80}.Release|Any CPU.ActiveCfg = Release|Any CPU
		{EDA3BE7B-A060-47B1-951D-B7E469908B80}.Release|Any CPU.Build.0 = Release|Any CPU
		{6A27ED5F-BD88-4266-9B63-7DD4A53F591D}.Debug|Any CPU.ActiveCfg = Debug|Any CPU
		{6A27ED5F-BD88-4266-9B63-7DD4A53F591D}.Debug|Any CPU.Build.0 = Debug|Any CPU
		{6A27ED5F-BD88-4266-9B63-7DD4A53F591D}.Release|Any CPU.ActiveCfg = Release|Any CPU
		{6A27ED5F-BD88-4266-9B63-7DD4A53F591D}.Release|Any CPU.Build.0 = Release|Any CPU
		{285CA6F6-3F85-4B45-976A-18FDFD514D7D}.Debug|Any CPU.ActiveCfg = Debug|Any CPU
		{285CA6F6-3F85-4B45-976A-18FDFD514D7D}.Debug|Any CPU.Build.0 = Debug|Any CPU
		{285CA6F6-3F85-4B45-976A-18FDFD514D7D}.Release|Any CPU.ActiveCfg = Release|Any CPU
		{285CA6F6-3F85-4B45-976A-18FDFD514D7D}.Release|Any CPU.Build.0 = Release|Any CPU
		{FED6C5BA-2F22-4E9B-8BA8-A419F0903E6F}.Debug|Any CPU.ActiveCfg = Debug|Any CPU
		{FED6C5BA-2F22-4E9B-8BA8-A419F0903E6F}.Debug|Any CPU.Build.0 = Debug|Any CPU
		{FED6C5BA-2F22-4E9B-8BA8-A419F0903E6F}.Release|Any CPU.ActiveCfg = Release|Any CPU
		{FED6C5BA-2F22-4E9B-8BA8-A419F0903E6F}.Release|Any CPU.Build.0 = Release|Any CPU
		{B3CD7C96-3170-4071-8FB9-D205D6229D4D}.Debug|Any CPU.ActiveCfg = Debug|Any CPU
		{B3CD7C96-3170-4071-8FB9-D205D6229D4D}.Debug|Any CPU.Build.0 = Debug|Any CPU
		{B3CD7C96-3170-4071-8FB9-D205D6229D4D}.Release|Any CPU.ActiveCfg = Release|Any CPU
		{B3CD7C96-3170-4071-8FB9-D205D6229D4D}.Release|Any CPU.Build.0 = Release|Any CPU
	EndGlobalSection
	GlobalSection(SolutionProperties) = preSolution
		HideSolutionNode = FALSE
	EndGlobalSection
	GlobalSection(NestedProjects) = preSolution
		{A3E121FF-AAD7-40A6-9979-AA7D101AE1A4} = {A1D6309B-522D-417F-A49D-343841030732}
		{F3A3B572-1C9B-4AE9-B70C-9CB731ADFCD6} = {A3E121FF-AAD7-40A6-9979-AA7D101AE1A4}
		{C8DCF646-486D-4343-9FEE-4AC36DEACACF} = {A3E121FF-AAD7-40A6-9979-AA7D101AE1A4}
		{EDA3BE7B-A060-47B1-951D-B7E469908B80} = {A3E121FF-AAD7-40A6-9979-AA7D101AE1A4}
		{6A27ED5F-BD88-4266-9B63-7DD4A53F591D} = {A3E121FF-AAD7-40A6-9979-AA7D101AE1A4}
		{75D053C5-29A3-4B83-8F30-04F4CA516942} = {A1D6309B-522D-417F-A49D-343841030732}
		{285CA6F6-3F85-4B45-976A-18FDFD514D7D} = {75D053C5-29A3-4B83-8F30-04F4CA516942}
		{FED6C5BA-2F22-4E9B-8BA8-A419F0903E6F} = {75D053C5-29A3-4B83-8F30-04F4CA516942}
		{B3CD7C96-3170-4071-8FB9-D205D6229D4D} = {75D053C5-29A3-4B83-8F30-04F4CA516942}
	EndGlobalSection
	GlobalSection(ExtensibilityGlobals) = postSolution
		SolutionGuid = {E19457D5-96EB-4FDE-A87C-B4B72B547EEE}
	EndGlobalSection
EndGlobal
